
Microsoft Visual Studio Solution File, Format Version 12.00
# Visual Studio Version 17
VisualStudioVersion = 17.11.35327.3
MinimumVisualStudioVersion = 10.0.40219.1
Project("{FAE04EC0-301F-11D3-BF4B-00C04F79EFBC}") = "loyaut-razorpages", "loyaut-razorpages.csproj", "{A0077A14-D635-48D2-ABFF-D76E70C3192F}"
EndProject
Global
	GlobalSection(SolutionConfigurationPlatforms) = preSolution
		Debug|Any CPU = Debug|Any CPU
		Release|Any CPU = Release|Any CPU
	EndGlobalSection
	GlobalSection(ProjectConfigurationPlatforms) = postSolution
		{A0077A14-D635-48D2-ABFF-D76E70C3192F}.Debug|Any CPU.ActiveCfg = Debug|Any CPU
		{A0077A14-D635-48D2-ABFF-D76E70C3192F}.Debug|Any CPU.Build.0 = Debug|Any CPU
		{A0077A14-D635-48D2-ABFF-D76E70C3192F}.Release|Any CPU.ActiveCfg = Release|Any CPU
		{A0077A14-D635-48D2-ABFF-D76E70C3192F}.Release|Any CPU.Build.0 = Release|Any CPU
	EndGlobalSection
	GlobalSection(SolutionProperties) = preSolution
		HideSolutionNode = FALSE
	EndGlobalSection
	GlobalSection(ExtensibilityGlobals) = postSolution
		SolutionGuid = {F7A2D94E-8D33-4989-980A-B196EF309052}
	EndGlobalSection
EndGlobal
